// !$*UTF8*$!
{
	archiveVersion = 1;
	classes = {
	};
	objectVersion = 46;
	objects = {

/* Begin PBXBuildFile section */
		DB93238F1BB4C90B00467F30 /* AppDelegate.swift in Sources */ = {isa = PBXBuildFile; fileRef = DB93238E1BB4C90B00467F30 /* AppDelegate.swift */; };
		DB9323911BB4C90B00467F30 /* ViewController.swift in Sources */ = {isa = PBXBuildFile; fileRef = DB9323901BB4C90B00467F30 /* ViewController.swift */; };
		DB9323941BB4C90B00467F30 /* Main.storyboard in Resources */ = {isa = PBXBuildFile; fileRef = DB9323921BB4C90B00467F30 /* Main.storyboard */; };
		DB9323961BB4C90B00467F30 /* Assets.xcassets in Resources */ = {isa = PBXBuildFile; fileRef = DB9323951BB4C90B00467F30 /* Assets.xcassets */; };
		DB9323991BB4C90B00467F30 /* LaunchScreen.storyboard in Resources */ = {isa = PBXBuildFile; fileRef = DB9323971BB4C90B00467F30 /* LaunchScreen.storyboard */; };
/* End PBXBuildFile section */

/* Begin PBXFileReference section */
		DB93238B1BB4C90B00467F30 /* NirKxMenu.app */ = {isa = PBXFileReference; explicitFileType = wrapper.application; includeInIndex = 0; path = NirKxMenu.app; sourceTree = BUILT_PRODUCTS_DIR; };
		DB93238E1BB4C90B00467F30 /* AppDelegate.swift */ = {isa = PBXFileReference; lastKnownFileType = sourcecode.swift; path = AppDelegate.swift; sourceTree = "<group>"; };
		DB9323901BB4C90B00467F30 /* ViewController.swift */ = {isa = PBXFileReference; lastKnownFileType = sourcecode.swift; path = ViewController.swift; sourceTree = "<group>"; };
		DB9323931BB4C90B00467F30 /* Base */ = {isa = PBXFileReference; lastKnownFileType = file.storyboard; name = Base; path = Base.lproj/Main.storyboard; sourceTree = "<group>"; };
		DB9323951BB4C90B00467F30 /* Assets.xcassets */ = {isa = PBXFileReference; lastKnownFileType = folder.assetcatalog; path = Assets.xcassets; sourceTree = "<group>"; };
		DB9323981BB4C90B00467F30 /* Base */ = {isa = PBXFileReference; lastKnownFileType = file.storyboard; name = Base; path = Base.lproj/LaunchScreen.storyboard; sourceTree = "<group>"; };
		DB93239A1BB4C90B00467F30 /* Info.plist */ = {isa = PBXFileReference; lastKnownFileType = text.plist.xml; path = Info.plist; sourceTree = "<group>"; };
/* End PBXFileReference section */

/* Begin PBXFrameworksBuildPhase section */
		DB9323881BB4C90B00467F30 /* Frameworks */ = {
			isa = PBXFrameworksBuildPhase;
			buildActionMask = 2147483647;
			files = (
			);
			runOnlyForDeploymentPostprocessing = 0;
		};
/* End PBXFrameworksBuildPhase section */

/* Begin PBXGroup section */
		DB9323821BB4C90B00467F30 = {
			isa = PBXGroup;
			children = (
				DB93238D1BB4C90B00467F30 /* NirKxMenu */,
				DB93238C1BB4C90B00467F30 /* Products */,
			);
			sourceTree = "<group>";
		};
		DB93238C1BB4C90B00467F30 /* Products */ = {
			isa = PBXGroup;
			children = (
				DB93238B1BB4C90B00467F30 /* NirKxMenu.app */,
			);
			name = Products;
			sourceTree = "<group>";
		};
		DB93238D1BB4C90B00467F30 /* NirKxMenu */ = {
			isa = PBXGroup;
			children = (
				DB93238E1BB4C90B00467F30 /* AppDelegate.swift */,
				DB9323901BB4C90B00467F30 /* ViewController.swift */,
				DB9323921BB4C90B00467F30 /* Main.storyboard */,
				DB9323951BB4C90B00467F30 /* Assets.xcassets */,
				DB9323971BB4C90B00467F30 /* LaunchScreen.storyboard */,
				DB93239A1BB4C90B00467F30 /* Info.plist */,
			);
			path = NirKxMenu;
			sourceTree = "<group>";
		};
/* End PBXGroup section */

/* Begin PBXNativeTarget section */
		DB93238A1BB4C90B00467F30 /* NirKxMenu */ = {
			isa = PBXNativeTarget;
			buildConfigurationList = DB93239D1BB4C90B00467F30 /* Build configuration list for PBXNativeTarget "NirKxMenu" */;
			buildPhases = (
				DB9323871BB4C90B00467F30 /* Sources */,
				DB9323881BB4C90B00467F30 /* Frameworks */,
				DB9323891BB4C90B00467F30 /* Resources */,
			);
			buildRules = (
			);
			dependencies = (
			);
			name = NirKxMenu;
			productName = NirKxMenu;
			productReference = DB93238B1BB4C90B00467F30 /* NirKxMenu.app */;
			productType = "com.apple.product-type.application";
		};
/* End PBXNativeTarget section */

/* Begin PBXProject section */
		DB9323831BB4C90B00467F30 /* Project object */ = {
			isa = PBXProject;
			attributes = {
				LastUpgradeCheck = 0700;
				ORGANIZATIONNAME = NSNirvana;
				TargetAttributes = {
					DB93238A1BB4C90B00467F30 = {
						CreatedOnToolsVersion = 7.0;
						DevelopmentTeam = QYV353CYL3;
					};
				};
			};
			buildConfigurationList = DB9323861BB4C90B00467F30 /* Build configuration list for PBXProject "NirKxMenu" */;
			compatibilityVersion = "Xcode 3.2";
			developmentRegion = English;
			hasScannedForEncodings = 0;
			knownRegions = (
				en,
				Base,
			);
			mainGroup = DB9323821BB4C90B00467F30;
			productRefGroup = DB93238C1BB4C90B00467F30 /* Products */;
			projectDirPath = "";
			projectRoot = "";
			targets = (
				DB93238A1BB4C90B00467F30 /* NirKxMenu */,
			);
		};
/* End PBXProject section */

/* Begin PBXResourcesBuildPhase section */
		DB9323891BB4C90B00467F30 /* Resources */ = {
			isa = PBXResourcesBuildPhase;
			buildActionMask = 2147483647;
			files = (
				DB9323991BB4C90B00467F30 /* LaunchScreen.storyboard in Resources */,
				DB9323961BB4C90B00467F30 /* Assets.xcassets in Resources */,
				DB9323941BB4C90B00467F30 /* Main.storyboard in Resources */,
			);
			runOnlyForDeploymentPostprocessing = 0;
		};
/* End PBXResourcesBuildPhase section */

/* Begin PBXSourcesBuildPhase section */
		DB9323871BB4C90B00467F30 /* Sources */ = {
			isa = PBXSourcesBuildPhase;
			buildActionMask = 2147483647;
			files = (
				DB9323911BB4C90B00467F30 /* ViewController.swift in Sources */,
				DB93238F1BB4C90B00467F30 /* AppDelegate.swift in Sources */,
			);
			runOnlyForDeploymentPostprocessing = 0;
		};
/* End PBXSourcesBuildPhase section */

/* Begin PBXVariantGroup section */
		DB9323921BB4C90B00467F30 /* Main.storyboard */ = {
			isa = PBXVariantGroup;
			children = (
				DB9323931BB4C90B00467F30 /* Base */,
			);
			name = Main.storyboard;
			sourceTree = "<group>";
		};
		DB9323971BB4C90B00467F30 /* LaunchScreen.storyboard */ = {
			isa = PBXVariantGroup;
			children = (
				DB9323981BB4C90B00467F30 /* Base */,
			);
			name = LaunchScreen.storyboard;
			sourceTree = "<group>";
		};
/* End PBXVariantGroup section */

/* Begin XCBuildConfiguration section */
		DB93239B1BB4C90B00467F30 /* Debug */ = {
			isa = XCBuildConfiguration;
			buildSettings = {
				ALWAYS_SEARCH_USER_PATHS = NO;
				CLANG_CXX_LANGUAGE_STANDARD = "gnu++0x";
				CLANG_CXX_LIBRARY = "libc++";
				CLANG_ENABLE_MODULES = YES;
				CLANG_ENABLE_OBJC_ARC = YES;
				CLANG_WARN_BOOL_CONVERSION = YES;
				CLANG_WARN_CONSTANT_CONVERSION = YES;
				CLANG_WARN_DIRECT_OBJC_ISA_USAGE = YES_ERROR;
				CLANG_WARN_EMPTY_BODY = YES;
				CLANG_WARN_ENUM_CONVERSION = YES;
				CLANG_WARN_INT_CONVERSION = YES;
				CLANG_WARN_OBJC_ROOT_CLASS = YES_ERROR;
				CLANG_WARN_UNREACHABLE_CODE = YES;
				CLANG_WARN__DUPLICATE_METHOD_MATCH = YES;
				"CODE_SIGN_IDENTITY[sdk=iphoneos*]" = "iPhone Developer";
				COPY_PHASE_STRIP = NO;
				DEBUG_INFORMATION_FORMAT = dwarf;
				ENABLE_STRICT_OBJC_MSGSEND = YES;
				ENABLE_TESTABILITY = YES;
				GCC_C_LANGUAGE_STANDARD = gnu99;
				GCC_DYNAMIC_NO_PIC = NO;
				GCC_NO_COMMON_BLOCKS = YES;
				GCC_OPTIMIZATION_LEVEL = 0;
				GCC_PREPROCESSOR_DEFINITIONS = (
					"DEBUG=1",
					"$(inherited)",
				);
				GCC_WARN_64_TO_32_BIT_CONVERSION = YES;
				GCC_WARN_ABOUT_RETURN_TYPE = YES_ERROR;
				GCC_WARN_UNDECLARED_SELECTOR = YES;
				GCC_WARN_UNINITIALIZED_AUTOS = YES_AGGRESSIVE;
				GCC_WARN_UNUSED_FUNCTION = YES;
				GCC_WARN_UNUSED_VARIABLE = YES;
				IPHONEOS_DEPLOYMENT_TARGET = 9.0;
				MTL_ENABLE_DEBUG_INFO = YES;
				ONLY_ACTIVE_ARCH = YES;
				SDKROOT = iphoneos;
				SWIFT_OPTIMIZATION_LEVEL = "-Onone";
			};
			name = Debug;
		};
		DB93239C1BB4C90B00467F30 /* Release */ = {
			isa = XCBuildConfiguration;
			buildSettings = {
				ALWAYS_SEARCH_USER_PATHS = NO;
				CLANG_CXX_LANGUAGE_STANDARD = "gnu++0x";
				CLANG_CXX_LIBRARY = "libc++";
				CLANG_ENABLE_MODULES = YES;
				CLANG_ENABLE_OBJC_ARC = YES;
				CLANG_WARN_BOOL_CONVERSION = YES;
				CLANG_WARN_CONSTANT_CONVERSION = YES;
				CLANG_WARN_DIRECT_OBJC_ISA_USAGE = YES_ERROR;
				CLANG_WARN_EMPTY_BODY = YES;
				CLANG_WARN_ENUM_CONVERSION = YES;
				CLANG_WARN_INT_CONVERSION = YES;
				CLANG_WARN_OBJC_ROOT_CLASS = YES_ERROR;
				CLANG_WARN_UNREACHABLE_CODE = YES;
				CLANG_WARN__DUPLICATE_METHOD_MATCH = YES;
				"CODE_SIGN_IDENTITY[sdk=iphoneos*]" = "iPhone Developer";
				COPY_PHASE_STRIP = NO;
				DEBUG_INFORMATION_FORMAT = "dwarf-with-dsym";
				ENABLE_NS_ASSERTIONS = NO;
				ENABLE_STRICT_OBJC_MSGSEND = YES;
				GCC_C_LANGUAGE_STANDARD = gnu99;
				GCC_NO_COMMON_BLOCKS = YES;
				GCC_WARN_64_TO_32_BIT_CONVERSION = YES;
				GCC_WARN_ABOUT_RETURN_TYPE = YES_ERROR;
				GCC_WARN_UNDECLARED_SELECTOR = YES;
				GCC_WARN_UNINITIALIZED_AUTOS = YES_AGGRESSIVE;
				GCC_WARN_UNUSED_FUNCTION = YES;
				GCC_WARN_UNUSED_VARIABLE = YES;
				IPHONEOS_DEPLOYMENT_TARGET = 9.0;
				MTL_ENABLE_DEBUG_INFO = NO;
				SDKROOT = iphoneos;
				VALIDATE_PRODUCT = YES;
			};
			name = Release;
		};
		DB93239E1BB4C90B00467F30 /* Debug */ = {
			isa = XCBuildConfiguration;
			buildSettings = {
				ASSETCATALOG_COMPILER_APPICON_NAME = AppIcon;
				INFOPLIST_FILE = NirKxMenu/Info.plist;
				LD_RUNPATH_SEARCH_PATHS = "$(inherited) @executable_path/Frameworks";
				PRODUCT_BUNDLE_IDENTIFIER = Azure.NirKxMenu;
				PRODUCT_NAME = "$(TARGET_NAME)";
			};
			name = Debug;
		};
		DB93239F1BB4C90B00467F30 /* Release */ = {
			isa = XCBuildConfiguration;
			buildSettings = {
				ASSETCATALOG_COMPILER_APPICON_NAME = AppIcon;
				INFOPLIST_FILE = NirKxMenu/Info.plist;
				LD_RUNPATH_SEARCH_PATHS = "$(inherited) @executable_path/Frameworks";
				PRODUCT_BUNDLE_IDENTIFIER = Azure.NirKxMenu;
				PRODUCT_NAME = "$(TARGET_NAME)";
			};
			name = Release;
		};
/* End XCBuildConfiguration section */

/* Begin XCConfigurationList section */
		DB9323861BB4C90B00467F30 /* Build configuration list for PBXProject "NirKxMenu" */ = {
			isa = XCConfigurationList;
			buildConfigurations = (
				DB93239B1BB4C90B00467F30 /* Debug */,
				DB93239C1BB4C90B00467F30 /* Release */,
			);
			defaultConfigurationIsVisible = 0;
			defaultConfigurationName = Release;
		};
		DB93239D1BB4C90B00467F30 /* Build configuration list for PBXNativeTarget "NirKxMenu" */ = {
			isa = XCConfigurationList;
			buildConfigurations = (
				DB93239E1BB4C90B00467F30 /* Debug */,
				DB93239F1BB4C90B00467F30 /* Release */,
			);
			defaultConfigurationIsVisible = 0;
		};
/* End XCConfigurationList section */
	};
	rootObject = DB9323831BB4C90B00467F30 /* Project object */;
}
